
Microsoft Visual Studio Solution File, Format Version 12.00
# Visual Studio 15
VisualStudioVersion = 15.0.28010.0
MinimumVisualStudioVersion = 10.0.40219.1
Project("{FAE04EC0-301F-11D3-BF4B-00C04F79EFBC}") = "Glow", "Glow\Glow.csproj", "{44EEFDAA-3281-45DB-A9EB-258AB49BB2C6}"
EndProject
Project("{FAE04EC0-301F-11D3-BF4B-00C04F79EFBC}") = "Demo", "Demo\Demo.csproj", "{215C63B2-F04E-4698-BDA8-1AC0B251EDD2}"
EndProject
Global
	GlobalSection(SolutionConfigurationPlatforms) = preSolution
		Debug|Any CPU = Debug|Any CPU
		Release|Any CPU = Release|Any CPU
	EndGlobalSection
	GlobalSection(ProjectConfigurationPlatforms) = postSolution
		{44EEFDAA-3281-45DB-A9EB-258AB49BB2C6}.Debug|Any CPU.ActiveCfg = Debug|Any CPU
		{44EEFDAA-3281-45DB-A9EB-258AB49BB2C6}.Debug|Any CPU.Build.0 = Debug|Any CPU
		{44EEFDAA-3281-45DB-A9EB-258AB49BB2C6}.Release|Any CPU.ActiveCfg = Release|Any CPU
		{44EEFDAA-3281-45DB-A9EB-258AB49BB2C6}.Release|Any CPU.Build.0 = Release|Any CPU
		{215C63B2-F04E-4698-BDA8-1AC0B251EDD2}.Debug|Any CPU.ActiveCfg = Debug|Any CPU
		{215C63B2-F04E-4698-BDA8-1AC0B251EDD2}.Debug|Any CPU.Build.0 = Debug|Any CPU
		{215C63B2-F04E-4698-BDA8-1AC0B251EDD2}.Release|Any CPU.ActiveCfg = Release|Any CPU
		{215C63B2-F04E-4698-BDA8-1AC0B251EDD2}.Release|Any CPU.Build.0 = Release|Any CPU
	EndGlobalSection
	GlobalSection(SolutionProperties) = preSolution
		HideSolutionNode = FALSE
	EndGlobalSection
	GlobalSection(ExtensibilityGlobals) = postSolution
		SolutionGuid = {BA355309-618B-4E16-AFE4-CDC47D242246}
	EndGlobalSection
EndGlobal
